
Microsoft Visual Studio Solution File, Format Version 12.00
# Visual Studio 14
VisualStudioVersion = 14.0.25420.1
MinimumVisualStudioVersion = 10.0.40219.1
Project("{2150E333-8FDC-42A3-9474-1A3956D46DE8}") = "Engine", "Engine", "{804C559F-EBBE-4F4A-926A-01D9B803C471}"
EndProject
Project("{2150E333-8FDC-42A3-9474-1A3956D46DE8}") = "Games", "Games", "{D9CB3D3C-198E-47F0-92BA-AF30BB252370}"
EndProject
Project("{8BC9CEB8-8B4A-11D0-8D11-00A0C91BC942}") = "UE4", "Intermediate\ProjectFiles\UE4.vcxproj", "{F4E9311B-D751-43F0-95A1-4421A5BF1298}"
EndProject
Project("{8BC9CEB8-8B4A-11D0-8D11-00A0C91BC942}") = "BuildingEscape", "Intermediate\ProjectFiles\BuildingEscape.vcxproj", "{9164AD7D-FB2F-4996-BCE7-FA98CCD1AFE5}"
EndProject
Global
	GlobalSection(SolutionConfigurationPlatforms) = preSolution
		DebugGame Editor|HTML5 = DebugGame Editor|HTML5
		DebugGame Editor|Win32 = DebugGame Editor|Win32
		DebugGame Editor|Win64 = DebugGame Editor|Win64
		DebugGame|HTML5 = DebugGame|HTML5
		DebugGame|Win32 = DebugGame|Win32
		DebugGame|Win64 = DebugGame|Win64
		Development Editor|HTML5 = Development Editor|HTML5
		Development Editor|Win32 = Development Editor|Win32
		Development Editor|Win64 = Development Editor|Win64
		Development|HTML5 = Development|HTML5
		Development|Win32 = Development|Win32
		Development|Win64 = Development|Win64
		Shipping|HTML5 = Shipping|HTML5
		Shipping|Win32 = Shipping|Win32
		Shipping|Win64 = Shipping|Win64
	EndGlobalSection
	GlobalSection(ProjectConfigurationPlatforms) = postSolution
		{F4E9311B-D751-43F0-95A1-4421A5BF1298}.DebugGame Editor|HTML5.ActiveCfg = BuiltWithUnrealBuildTool|Win32
		{F4E9311B-D751-43F0-95A1-4421A5BF1298}.DebugGame Editor|HTML5.Build.0 = BuiltWithUnrealBuildTool|Win32
		{F4E9311B-D751-43F0-95A1-4421A5BF1298}.DebugGame Editor|Win32.ActiveCfg = BuiltWithUnrealBuildTool|Win32
		{F4E9311B-D751-43F0-95A1-4421A5BF1298}.DebugGame Editor|Win32.Build.0 = BuiltWithUnrealBuildTool|Win32
		{F4E9311B-D751-43F0-95A1-4421A5BF1298}.DebugGame Editor|Win64.ActiveCfg = BuiltWithUnrealBuildTool|Win32
		{F4E9311B-D751-43F0-95A1-4421A5BF1298}.DebugGame Editor|Win64.Build.0 = BuiltWithUnrealBuildTool|Win32
		{F4E9311B-D751-43F0-95A1-4421A5BF1298}.DebugGame|HTML5.ActiveCfg = BuiltWithUnrealBuildTool|Win32
		{F4E9311B-D751-43F0-95A1-4421A5BF1298}.DebugGame|HTML5.Build.0 = BuiltWithUnrealBuildTool|Win32
		{F4E9311B-D751-43F0-95A1-4421A5BF1298}.DebugGame|Win32.ActiveCfg = BuiltWithUnrealBuildTool|Win32
		{F4E9311B-D751-43F0-95A1-4421A5BF1298}.DebugGame|Win32.Build.0 = BuiltWithUnrealBuildTool|Win32
		{F4E9311B-D751-43F0-95A1-4421A5BF1298}.DebugGame|Win64.ActiveCfg = BuiltWithUnrealBuildTool|Win32
		{F4E9311B-D751-43F0-95A1-4421A5BF1298}.DebugGame|Win64.Build.0 = BuiltWithUnrealBuildTool|Win32
		{F4E9311B-D751-43F0-95A1-4421A5BF1298}.Development Editor|HTML5.ActiveCfg = BuiltWithUnrealBuildTool|Win32
		{F4E9311B-D751-43F0-95A1-4421A5BF1298}.Development Editor|HTML5.Build.0 = BuiltWithUnrealBuildTool|Win32
		{F4E9311B-D751-43F0-95A1-4421A5BF1298}.Development Editor|Win32.ActiveCfg = BuiltWithUnrealBuildTool|Win32
		{F4E9311B-D751-43F0-95A1-4421A5BF1298}.Development Editor|Win32.Build.0 = BuiltWithUnrealBuildTool|Win32
		{F4E9311B-D751-43F0-95A1-4421A5BF1298}.Development Editor|Win64.ActiveCfg = BuiltWithUnrealBuildTool|Win32
		{F4E9311B-D751-43F0-95A1-4421A5BF1298}.Development Editor|Win64.Build.0 = BuiltWithUnrealBuildTool|Win32
		{F4E9311B-D751-43F0-95A1-4421A5BF1298}.Development|HTML5.ActiveCfg = BuiltWithUnrealBuildTool|Win32
		{F4E9311B-D751-43F0-95A1-4421A5BF1298}.Development|HTML5.Build.0 = BuiltWithUnrealBuildTool|Win32
		{F4E9311B-D751-43F0-95A1-4421A5BF1298}.Development|Win32.ActiveCfg = BuiltWithUnrealBuildTool|Win32
		{F4E9311B-D751-43F0-95A1-4421A5BF1298}.Development|Win32.Build.0 = BuiltWithUnrealBuildTool|Win32
		{F4E9311B-D751-43F0-95A1-4421A5BF1298}.Development|Win64.ActiveCfg = BuiltWithUnrealBuildTool|Win32
		{F4E9311B-D751-43F0-95A1-4421A5BF1298}.Development|Win64.Build.0 = BuiltWithUnrealBuildTool|Win32
		{F4E9311B-D751-43F0-95A1-4421A5BF1298}.Shipping|HTML5.ActiveCfg = BuiltWithUnrealBuildTool|Win32
		{F4E9311B-D751-43F0-95A1-4421A5BF1298}.Shipping|HTML5.Build.0 = BuiltWithUnrealBuildTool|Win32
		{F4E9311B-D751-43F0-95A1-4421A5BF1298}.Shipping|Win32.ActiveCfg = BuiltWithUnrealBuildTool|Win32
		{F4E9311B-D751-43F0-95A1-4421A5BF1298}.Shipping|Win32.Build.0 = BuiltWithUnrealBuildTool|Win32
		{F4E9311B-D751-43F0-95A1-4421A5BF1298}.Shipping|Win64.ActiveCfg = BuiltWithUnrealBuildTool|Win32
		{F4E9311B-D751-43F0-95A1-4421A5BF1298}.Shipping|Win64.Build.0 = BuiltWithUnrealBuildTool|Win32
		{9164AD7D-FB2F-4996-BCE7-FA98CCD1AFE5}.DebugGame Editor|HTML5.ActiveCfg = HTML5_DebugGame_Editor|Win32
		{9164AD7D-FB2F-4996-BCE7-FA98CCD1AFE5}.DebugGame Editor|Win32.ActiveCfg = DebugGame_Editor|Win32
		{9164AD7D-FB2F-4996-BCE7-FA98CCD1AFE5}.DebugGame Editor|Win64.ActiveCfg = DebugGame_Editor|x64
		{9164AD7D-FB2F-4996-BCE7-FA98CCD1AFE5}.DebugGame Editor|Win64.Build.0 = DebugGame_Editor|x64
		{9164AD7D-FB2F-4996-BCE7-FA98CCD1AFE5}.DebugGame|HTML5.ActiveCfg = HTML5_DebugGame_Game|Win32
		{9164AD7D-FB2F-4996-BCE7-FA98CCD1AFE5}.DebugGame|HTML5.Build.0 = HTML5_DebugGame_Game|Win32
		{9164AD7D-FB2F-4996-BCE7-FA98CCD1AFE5}.DebugGame|Win32.ActiveCfg = DebugGame_Game|Win32
		{9164AD7D-FB2F-4996-BCE7-FA98CCD1AFE5}.DebugGame|Win32.Build.0 = DebugGame_Game|Win32
		{9164AD7D-FB2F-4996-BCE7-FA98CCD1AFE5}.DebugGame|Win64.ActiveCfg = DebugGame_Game|x64
		{9164AD7D-FB2F-4996-BCE7-FA98CCD1AFE5}.DebugGame|Win64.Build.0 = DebugGame_Game|x64
		{9164AD7D-FB2F-4996-BCE7-FA98CCD1AFE5}.Development Editor|HTML5.ActiveCfg = HTML5_Development_Editor|Win32
		{9164AD7D-FB2F-4996-BCE7-FA98CCD1AFE5}.Development Editor|Win32.ActiveCfg = Development_Editor|Win32
		{9164AD7D-FB2F-4996-BCE7-FA98CCD1AFE5}.Development Editor|Win64.ActiveCfg = Development_Editor|x64
		{9164AD7D-FB2F-4996-BCE7-FA98CCD1AFE5}.Development Editor|Win64.Build.0 = Development_Editor|x64
		{9164AD7D-FB2F-4996-BCE7-FA98CCD1AFE5}.Development|HTML5.ActiveCfg = HTML5_Development_Game|Win32
		{9164AD7D-FB2F-4996-BCE7-FA98CCD1AFE5}.Development|HTML5.Build.0 = HTML5_Development_Game|Win32
		{9164AD7D-FB2F-4996-BCE7-FA98CCD1AFE5}.Development|Win32.ActiveCfg = Development_Game|Win32
		{9164AD7D-FB2F-4996-BCE7-FA98CCD1AFE5}.Development|Win32.Build.0 = Development_Game|Win32
		{9164AD7D-FB2F-4996-BCE7-FA98CCD1AFE5}.Development|Win64.ActiveCfg = Development_Game|x64
		{9164AD7D-FB2F-4996-BCE7-FA98CCD1AFE5}.Development|Win64.Build.0 = Development_Game|x64
		{9164AD7D-FB2F-4996-BCE7-FA98CCD1AFE5}.Shipping|HTML5.ActiveCfg = HTML5_Shipping_Game|Win32
		{9164AD7D-FB2F-4996-BCE7-FA98CCD1AFE5}.Shipping|HTML5.Build.0 = HTML5_Shipping_Game|Win32
		{9164AD7D-FB2F-4996-BCE7-FA98CCD1AFE5}.Shipping|Win32.ActiveCfg = Shipping_Game|Win32
		{9164AD7D-FB2F-4996-BCE7-FA98CCD1AFE5}.Shipping|Win32.Build.0 = Shipping_Game|Win32
		{9164AD7D-FB2F-4996-BCE7-FA98CCD1AFE5}.Shipping|Win64.ActiveCfg = Shipping_Game|x64
		{9164AD7D-FB2F-4996-BCE7-FA98CCD1AFE5}.Shipping|Win64.Build.0 = Shipping_Game|x64
	EndGlobalSection
	GlobalSection(SolutionProperties) = preSolution
		HideSolutionNode = FALSE
	EndGlobalSection
	GlobalSection(NestedProjects) = preSolution
		{F4E9311B-D751-43F0-95A1-4421A5BF1298} = {804C559F-EBBE-4F4A-926A-01D9B803C471}
		{9164AD7D-FB2F-4996-BCE7-FA98CCD1AFE5} = {D9CB3D3C-198E-47F0-92BA-AF30BB252370}
	EndGlobalSection
EndGlobal
